// !$*UTF8*$!
{
	archiveVersion = 1;
	classes = {
	};
	objectVersion = 50;
	objects = {

/* Begin PBXBuildFile section */
		1BE279CBDFF53DA7B72A1CF5 /* Pods_SchipholApp.framework in Frameworks */ = {isa = PBXBuildFile; fileRef = F39CD86BEF159E7F93ECEC0E /* Pods_SchipholApp.framework */; };
		6C2D46D5254CD8F60024381D /* AirportsMapController.swift in Sources */ = {isa = PBXBuildFile; fileRef = 6C2D46D4254CD8F60024381D /* AirportsMapController.swift */; };
		6C2D46D7254CDBB50024381D /* PointView.swift in Sources */ = {isa = PBXBuildFile; fileRef = 6C2D46D6254CDBB50024381D /* PointView.swift */; };
		6C2D46D9254CDEA60024381D /* UIView+Constrains.swift in Sources */ = {isa = PBXBuildFile; fileRef = 6C2D46D8254CDEA50024381D /* UIView+Constrains.swift */; };
		6C2D46DC254CDFFC0024381D /* AirportsMapViewModel.swift in Sources */ = {isa = PBXBuildFile; fileRef = 6C2D46DB254CDFFC0024381D /* AirportsMapViewModel.swift */; };
		6C2D46DD254CDFFC0024381D /* AirlinesLocalLoader.swift in Sources */ = {isa = PBXBuildFile; fileRef = 6C2D46DA254CDFFC0024381D /* AirlinesLocalLoader.swift */; };
		6C2D46DF254CE6D10024381D /* LocationManager.swift in Sources */ = {isa = PBXBuildFile; fileRef = 6C2D46DE254CE6D10024381D /* LocationManager.swift */; };
		6C47085B254F56D2001E9BE5 /* AirlinesTableController.swift in Sources */ = {isa = PBXBuildFile; fileRef = 6C47085A254F56D2001E9BE5 /* AirlinesTableController.swift */; };
		6C47085D254F5722001E9BE5 /* AirportTableCell+Airline.swift in Sources */ = {isa = PBXBuildFile; fileRef = 6C47085C254F5722001E9BE5 /* AirportTableCell+Airline.swift */; };
		6C47085F254F821B001E9BE5 /* README.md in Resources */ = {isa = PBXBuildFile; fileRef = 6C47085E254F821A001E9BE5 /* README.md */; };
		6C47DFE0254CBCF9005FA5A4 /* AppDelegate.swift in Sources */ = {isa = PBXBuildFile; fileRef = 6C47DFDF254CBCF9005FA5A4 /* AppDelegate.swift */; };
		6C47DFE2254CBCF9005FA5A4 /* SceneDelegate.swift in Sources */ = {isa = PBXBuildFile; fileRef = 6C47DFE1254CBCF9005FA5A4 /* SceneDelegate.swift */; };
		6C47DFE6254CBD02005FA5A4 /* Assets.xcassets in Resources */ = {isa = PBXBuildFile; fileRef = 6C47DFE5254CBD02005FA5A4 /* Assets.xcassets */; };
		6C47DFE9254CBD02005FA5A4 /* Preview Assets.xcassets in Resources */ = {isa = PBXBuildFile; fileRef = 6C47DFE8254CBD02005FA5A4 /* Preview Assets.xcassets */; };
		6C47DFEC254CBD02005FA5A4 /* LaunchScreen.storyboard in Resources */ = {isa = PBXBuildFile; fileRef = 6C47DFEA254CBD02005FA5A4 /* LaunchScreen.storyboard */; };
		6C47DFF7254CBD02005FA5A4 /* AirlinesViewModelTests.swift in Sources */ = {isa = PBXBuildFile; fileRef = 6C47DFF6254CBD02005FA5A4 /* AirlinesViewModelTests.swift */; };
		6C47E007254CC2D1005FA5A4 /* Destination.swift in Sources */ = {isa = PBXBuildFile; fileRef = 6C47E005254CC285005FA5A4 /* Destination.swift */; };
		6C47E008254CC2D1005FA5A4 /* Navigator.swift in Sources */ = {isa = PBXBuildFile; fileRef = 6C47E006254CC285005FA5A4 /* Navigator.swift */; };
		6C47E00A254CC5D8005FA5A4 /* AirportsTableController.swift in Sources */ = {isa = PBXBuildFile; fileRef = 6C47E009254CC5D8005FA5A4 /* AirportsTableController.swift */; };
		6C47E00D254CC70F005FA5A4 /* AirportTableCell.swift in Sources */ = {isa = PBXBuildFile; fileRef = 6C47E00B254CC70F005FA5A4 /* AirportTableCell.swift */; };
		6C47E014254CC75C005FA5A4 /* UIView+Layer.swift in Sources */ = {isa = PBXBuildFile; fileRef = 6C47E010254CC731005FA5A4 /* UIView+Layer.swift */; };
		6C47E015254CC75C005FA5A4 /* UITableView+Cell.swift in Sources */ = {isa = PBXBuildFile; fileRef = 6C47E011254CC731005FA5A4 /* UITableView+Cell.swift */; };
		6C47E016254CC75C005FA5A4 /* UIViewController+Error.swift in Sources */ = {isa = PBXBuildFile; fileRef = 6C47E012254CC731005FA5A4 /* UIViewController+Error.swift */; };
		6C47E017254CC75C005FA5A4 /* Observable.swift in Sources */ = {isa = PBXBuildFile; fileRef = 6C47E013254CC731005FA5A4 /* Observable.swift */; };
		6C47E01D254CCA21005FA5A4 /* AirportsData.json in Resources */ = {isa = PBXBuildFile; fileRef = 6C47E01C254CCA21005FA5A4 /* AirportsData.json */; };
		6C47E01F254CCA58005FA5A4 /* Airport.swift in Sources */ = {isa = PBXBuildFile; fileRef = 6C47E01E254CCA57005FA5A4 /* Airport.swift */; };
		6C47E021254CCACA005FA5A4 /* AirportsViewModel.swift in Sources */ = {isa = PBXBuildFile; fileRef = 6C47E020254CCACA005FA5A4 /* AirportsViewModel.swift */; };
		6C47E023254CCAF8005FA5A4 /* AirlinesData.json in Resources */ = {isa = PBXBuildFile; fileRef = 6C47E022254CCAF8005FA5A4 /* AirlinesData.json */; };
		6C47E025254CCB0E005FA5A4 /* Airline.swift in Sources */ = {isa = PBXBuildFile; fileRef = 6C47E024254CCB0E005FA5A4 /* Airline.swift */; };
		6C47E027254CCB62005FA5A4 /* Flight.swift in Sources */ = {isa = PBXBuildFile; fileRef = 6C47E026254CCB62005FA5A4 /* Flight.swift */; };
		6C47E029254CCB6D005FA5A4 /* FlightsData.json in Resources */ = {isa = PBXBuildFile; fileRef = 6C47E028254CCB6B005FA5A4 /* FlightsData.json */; };
		6C47E02B254CCC25005FA5A4 /* Data+Codable.swift in Sources */ = {isa = PBXBuildFile; fileRef = 6C47E02A254CCC25005FA5A4 /* Data+Codable.swift */; };
		6C47E02D254CCCBA005FA5A4 /* Bundle+Decoder.swift in Sources */ = {isa = PBXBuildFile; fileRef = 6C47E02C254CCCBA005FA5A4 /* Bundle+Decoder.swift */; };
		6C47E02F254CCCCF005FA5A4 /* NetworkError.swift in Sources */ = {isa = PBXBuildFile; fileRef = 6C47E02E254CCCCF005FA5A4 /* NetworkError.swift */; };
		6C47E031254CCD16005FA5A4 /* Logger.swift in Sources */ = {isa = PBXBuildFile; fileRef = 6C47E030254CCD16005FA5A4 /* Logger.swift */; };
		6C47E033254CCD3F005FA5A4 /* AirportsLocalLoader.swift in Sources */ = {isa = PBXBuildFile; fileRef = 6C47E032254CCD3F005FA5A4 /* AirportsLocalLoader.swift */; };
		6C47E035254CD1E3005FA5A4 /* ActivityIndicatorFooter.swift in Sources */ = {isa = PBXBuildFile; fileRef = 6C47E034254CD1E3005FA5A4 /* ActivityIndicatorFooter.swift */; };
		6C9BF6B325502CA70080BFC3 /* Strings.swift in Sources */ = {isa = PBXBuildFile; fileRef = 6C9BF6B225502CA70080BFC3 /* Strings.swift */; };
		6C9BF6B425502F6D0080BFC3 /* Localizable.strings in Resources */ = {isa = PBXBuildFile; fileRef = 6C9BF6B625502F6D0080BFC3 /* Localizable.strings */; };
		6CA26186254DFA70000B5DEE /* AirportDetailsController.swift in Sources */ = {isa = PBXBuildFile; fileRef = 6CA26185254DFA70000B5DEE /* AirportDetailsController.swift */; };
		6CA26188254E0176000B5DEE /* AirportDetailsViewModel.swift in Sources */ = {isa = PBXBuildFile; fileRef = 6CA26187254E0176000B5DEE /* AirportDetailsViewModel.swift */; };
		6CA2618A254F43EE000B5DEE /* FlightsLocalLoader.swift in Sources */ = {isa = PBXBuildFile; fileRef = 6CA26189254F43EE000B5DEE /* FlightsLocalLoader.swift */; };
		6CA26190254F5227000B5DEE /* AirlinesViewModel.swift in Sources */ = {isa = PBXBuildFile; fileRef = 6CA2618F254F5226000B5DEE /* AirlinesViewModel.swift */; };
		99301FE58C24F57A025D9754 /* Pods_SchipholAppTests.framework in Frameworks */ = {isa = PBXBuildFile; fileRef = 8A412C6C5E6F9F65F48D95CF /* Pods_SchipholAppTests.framework */; };
/* End PBXBuildFile section */

/* Begin PBXContainerItemProxy section */
		6C47DFF3254CBD02005FA5A4 /* PBXContainerItemProxy */ = {
			isa = PBXContainerItemProxy;
			containerPortal = 6C47DFD4254CBCF9005FA5A4 /* Project object */;
			proxyType = 1;
			remoteGlobalIDString = 6C47DFDB254CBCF9005FA5A4;
			remoteInfo = SchipholApp;
		};
/* End PBXContainerItemProxy section */

/* Begin PBXFileReference section */
		65464BB1DFAEB56AB5780444 /* Pods-SchipholAppTests.debug.xcconfig */ = {isa = PBXFileReference; includeInIndex = 1; lastKnownFileType = text.xcconfig; name = "Pods-SchipholAppTests.debug.xcconfig"; path = "Target Support Files/Pods-SchipholAppTests/Pods-SchipholAppTests.debug.xcconfig"; sourceTree = "<group>"; };
		6C2D46D4254CD8F60024381D /* AirportsMapController.swift */ = {isa = PBXFileReference; lastKnownFileType = sourcecode.swift; path = AirportsMapController.swift; sourceTree = "<group>"; };
		6C2D46D6254CDBB50024381D /* PointView.swift */ = {isa = PBXFileReference; lastKnownFileType = sourcecode.swift; path = PointView.swift; sourceTree = "<group>"; };
		6C2D46D8254CDEA50024381D /* UIView+Constrains.swift */ = {isa = PBXFileReference; lastKnownFileType = sourcecode.swift; path = "UIView+Constrains.swift"; sourceTree = "<group>"; };
		6C2D46DA254CDFFC0024381D /* AirlinesLocalLoader.swift */ = {isa = PBXFileReference; lastKnownFileType = sourcecode.swift; path = AirlinesLocalLoader.swift; sourceTree = "<group>"; };
		6C2D46DB254CDFFC0024381D /* AirportsMapViewModel.swift */ = {isa = PBXFileReference; lastKnownFileType = sourcecode.swift; path = AirportsMapViewModel.swift; sourceTree = "<group>"; };
		6C2D46DE254CE6D10024381D /* LocationManager.swift */ = {isa = PBXFileReference; lastKnownFileType = sourcecode.swift; path = LocationManager.swift; sourceTree = "<group>"; };
		6C47085A254F56D2001E9BE5 /* AirlinesTableController.swift */ = {isa = PBXFileReference; lastKnownFileType = sourcecode.swift; path = AirlinesTableController.swift; sourceTree = "<group>"; };
		6C47085C254F5722001E9BE5 /* AirportTableCell+Airline.swift */ = {isa = PBXFileReference; lastKnownFileType = sourcecode.swift; path = "AirportTableCell+Airline.swift"; sourceTree = "<group>"; };
		6C47085E254F821A001E9BE5 /* README.md */ = {isa = PBXFileReference; fileEncoding = 4; lastKnownFileType = net.daringfireball.markdown; path = README.md; sourceTree = "<group>"; };
		6C47DFDC254CBCF9005FA5A4 /* SchipholApp.app */ = {isa = PBXFileReference; explicitFileType = wrapper.application; includeInIndex = 0; path = SchipholApp.app; sourceTree = BUILT_PRODUCTS_DIR; };
		6C47DFDF254CBCF9005FA5A4 /* AppDelegate.swift */ = {isa = PBXFileReference; lastKnownFileType = sourcecode.swift; path = AppDelegate.swift; sourceTree = "<group>"; };
		6C47DFE1254CBCF9005FA5A4 /* SceneDelegate.swift */ = {isa = PBXFileReference; lastKnownFileType = sourcecode.swift; path = SceneDelegate.swift; sourceTree = "<group>"; };
		6C47DFE5254CBD02005FA5A4 /* Assets.xcassets */ = {isa = PBXFileReference; lastKnownFileType = folder.assetcatalog; path = Assets.xcassets; sourceTree = "<group>"; };
		6C47DFE8254CBD02005FA5A4 /* Preview Assets.xcassets */ = {isa = PBXFileReference; lastKnownFileType = folder.assetcatalog; path = "Preview Assets.xcassets"; sourceTree = "<group>"; };
		6C47DFEB254CBD02005FA5A4 /* Base */ = {isa = PBXFileReference; lastKnownFileType = file.storyboard; name = Base; path = Base.lproj/LaunchScreen.storyboard; sourceTree = "<group>"; };
		6C47DFED254CBD02005FA5A4 /* Info.plist */ = {isa = PBXFileReference; lastKnownFileType = text.plist.xml; path = Info.plist; sourceTree = "<group>"; };
		6C47DFF2254CBD02005FA5A4 /* SchipholAppTests.xctest */ = {isa = PBXFileReference; explicitFileType = wrapper.cfbundle; includeInIndex = 0; path = SchipholAppTests.xctest; sourceTree = BUILT_PRODUCTS_DIR; };
		6C47DFF6254CBD02005FA5A4 /* AirlinesViewModelTests.swift */ = {isa = PBXFileReference; lastKnownFileType = sourcecode.swift; path = AirlinesViewModelTests.swift; sourceTree = "<group>"; };
		6C47DFF8254CBD02005FA5A4 /* Info.plist */ = {isa = PBXFileReference; lastKnownFileType = text.plist.xml; path = Info.plist; sourceTree = "<group>"; };
		6C47E005254CC285005FA5A4 /* Destination.swift */ = {isa = PBXFileReference; lastKnownFileType = sourcecode.swift; path = Destination.swift; sourceTree = "<group>"; };
		6C47E006254CC285005FA5A4 /* Navigator.swift */ = {isa = PBXFileReference; lastKnownFileType = sourcecode.swift; path = Navigator.swift; sourceTree = "<group>"; };
		6C47E009254CC5D8005FA5A4 /* AirportsTableController.swift */ = {isa = PBXFileReference; lastKnownFileType = sourcecode.swift; path = AirportsTableController.swift; sourceTree = "<group>"; };
		6C47E00B254CC70F005FA5A4 /* AirportTableCell.swift */ = {isa = PBXFileReference; lastKnownFileType = sourcecode.swift; path = AirportTableCell.swift; sourceTree = "<group>"; };
		6C47E010254CC731005FA5A4 /* UIView+Layer.swift */ = {isa = PBXFileReference; lastKnownFileType = sourcecode.swift; path = "UIView+Layer.swift"; sourceTree = "<group>"; };
		6C47E011254CC731005FA5A4 /* UITableView+Cell.swift */ = {isa = PBXFileReference; lastKnownFileType = sourcecode.swift; path = "UITableView+Cell.swift"; sourceTree = "<group>"; };
		6C47E012254CC731005FA5A4 /* UIViewController+Error.swift */ = {isa = PBXFileReference; lastKnownFileType = sourcecode.swift; path = "UIViewController+Error.swift"; sourceTree = "<group>"; };
		6C47E013254CC731005FA5A4 /* Observable.swift */ = {isa = PBXFileReference; lastKnownFileType = sourcecode.swift; path = Observable.swift; sourceTree = "<group>"; };
		6C47E01C254CCA21005FA5A4 /* AirportsData.json */ = {isa = PBXFileReference; lastKnownFileType = text.json; path = AirportsData.json; sourceTree = "<group>"; };
		6C47E01E254CCA57005FA5A4 /* Airport.swift */ = {isa = PBXFileReference; lastKnownFileType = sourcecode.swift; path = Airport.swift; sourceTree = "<group>"; };
		6C47E020254CCACA005FA5A4 /* AirportsViewModel.swift */ = {isa = PBXFileReference; lastKnownFileType = sourcecode.swift; path = AirportsViewModel.swift; sourceTree = "<group>"; };
		6C47E022254CCAF8005FA5A4 /* AirlinesData.json */ = {isa = PBXFileReference; lastKnownFileType = text.json; path = AirlinesData.json; sourceTree = "<group>"; };
		6C47E024254CCB0E005FA5A4 /* Airline.swift */ = {isa = PBXFileReference; lastKnownFileType = sourcecode.swift; path = Airline.swift; sourceTree = "<group>"; };
		6C47E026254CCB62005FA5A4 /* Flight.swift */ = {isa = PBXFileReference; lastKnownFileType = sourcecode.swift; path = Flight.swift; sourceTree = "<group>"; };
		6C47E028254CCB6B005FA5A4 /* FlightsData.json */ = {isa = PBXFileReference; lastKnownFileType = text.json; path = FlightsData.json; sourceTree = "<group>"; };
		6C47E02A254CCC25005FA5A4 /* Data+Codable.swift */ = {isa = PBXFileReference; lastKnownFileType = sourcecode.swift; path = "Data+Codable.swift"; sourceTree = "<group>"; };
		6C47E02C254CCCBA005FA5A4 /* Bundle+Decoder.swift */ = {isa = PBXFileReference; lastKnownFileType = sourcecode.swift; path = "Bundle+Decoder.swift"; sourceTree = "<group>"; };
		6C47E02E254CCCCF005FA5A4 /* NetworkError.swift */ = {isa = PBXFileReference; lastKnownFileType = sourcecode.swift; path = NetworkError.swift; sourceTree = "<group>"; };
		6C47E030254CCD16005FA5A4 /* Logger.swift */ = {isa = PBXFileReference; lastKnownFileType = sourcecode.swift; path = Logger.swift; sourceTree = "<group>"; };
		6C47E032254CCD3F005FA5A4 /* AirportsLocalLoader.swift */ = {isa = PBXFileReference; lastKnownFileType = sourcecode.swift; path = AirportsLocalLoader.swift; sourceTree = "<group>"; };
		6C47E034254CD1E3005FA5A4 /* ActivityIndicatorFooter.swift */ = {isa = PBXFileReference; lastKnownFileType = sourcecode.swift; path = ActivityIndicatorFooter.swift; sourceTree = "<group>"; };
		6C9BF6B225502CA70080BFC3 /* Strings.swift */ = {isa = PBXFileReference; fileEncoding = 4; lastKnownFileType = sourcecode.swift; path = Strings.swift; sourceTree = "<group>"; };
		6C9BF6B525502F6D0080BFC3 /* en */ = {isa = PBXFileReference; lastKnownFileType = text.plist.strings; name = en; path = en.lproj/Localizable.strings; sourceTree = "<group>"; };
		6C9BF6B725502F730080BFC3 /* de */ = {isa = PBXFileReference; lastKnownFileType = text.plist.strings; name = de; path = de.lproj/Localizable.strings; sourceTree = "<group>"; };
		6CA26185254DFA70000B5DEE /* AirportDetailsController.swift */ = {isa = PBXFileReference; lastKnownFileType = sourcecode.swift; path = AirportDetailsController.swift; sourceTree = "<group>"; };
		6CA26187254E0176000B5DEE /* AirportDetailsViewModel.swift */ = {isa = PBXFileReference; lastKnownFileType = sourcecode.swift; path = AirportDetailsViewModel.swift; sourceTree = "<group>"; };
		6CA26189254F43EE000B5DEE /* FlightsLocalLoader.swift */ = {isa = PBXFileReference; lastKnownFileType = sourcecode.swift; path = FlightsLocalLoader.swift; sourceTree = "<group>"; };
		6CA2618F254F5226000B5DEE /* AirlinesViewModel.swift */ = {isa = PBXFileReference; lastKnownFileType = sourcecode.swift; path = AirlinesViewModel.swift; sourceTree = "<group>"; };
		78FF62FE65FCC31352CB5F3C /* Pods-SchipholAppTests.release.xcconfig */ = {isa = PBXFileReference; includeInIndex = 1; lastKnownFileType = text.xcconfig; name = "Pods-SchipholAppTests.release.xcconfig"; path = "Target Support Files/Pods-SchipholAppTests/Pods-SchipholAppTests.release.xcconfig"; sourceTree = "<group>"; };
		7AF1B316133B691E0407B636 /* Pods-SchipholApp.release.xcconfig */ = {isa = PBXFileReference; includeInIndex = 1; lastKnownFileType = text.xcconfig; name = "Pods-SchipholApp.release.xcconfig"; path = "Target Support Files/Pods-SchipholApp/Pods-SchipholApp.release.xcconfig"; sourceTree = "<group>"; };
		8A412C6C5E6F9F65F48D95CF /* Pods_SchipholAppTests.framework */ = {isa = PBXFileReference; explicitFileType = wrapper.framework; includeInIndex = 0; path = Pods_SchipholAppTests.framework; sourceTree = BUILT_PRODUCTS_DIR; };
		EFD124B4BBAF1D6023FADCA4 /* Pods-SchipholApp.debug.xcconfig */ = {isa = PBXFileReference; includeInIndex = 1; lastKnownFileType = text.xcconfig; name = "Pods-SchipholApp.debug.xcconfig"; path = "Target Support Files/Pods-SchipholApp/Pods-SchipholApp.debug.xcconfig"; sourceTree = "<group>"; };
		F39CD86BEF159E7F93ECEC0E /* Pods_SchipholApp.framework */ = {isa = PBXFileReference; explicitFileType = wrapper.framework; includeInIndex = 0; path = Pods_SchipholApp.framework; sourceTree = BUILT_PRODUCTS_DIR; };
/* End PBXFileReference section */

/* Begin PBXFrameworksBuildPhase section */
		6C47DFD9254CBCF9005FA5A4 /* Frameworks */ = {
			isa = PBXFrameworksBuildPhase;
			buildActionMask = 2147483647;
			files = (
				1BE279CBDFF53DA7B72A1CF5 /* Pods_SchipholApp.framework in Frameworks */,
			);
			runOnlyForDeploymentPostprocessing = 0;
		};
		6C47DFEF254CBD02005FA5A4 /* Frameworks */ = {
			isa = PBXFrameworksBuildPhase;
			buildActionMask = 2147483647;
			files = (
				99301FE58C24F57A025D9754 /* Pods_SchipholAppTests.framework in Frameworks */,
			);
			runOnlyForDeploymentPostprocessing = 0;
		};
/* End PBXFrameworksBuildPhase section */

/* Begin PBXGroup section */
		6C47DFD3254CBCF9005FA5A4 = {
			isa = PBXGroup;
			children = (
				6C47085E254F821A001E9BE5 /* README.md */,
				6C47DFDE254CBCF9005FA5A4 /* SchipholApp */,
				6C47DFF5254CBD02005FA5A4 /* SchipholAppTests */,
				6C47DFDD254CBCF9005FA5A4 /* Products */,
				9BC029B16F66EF34FA1B805C /* Pods */,
				A27E416938598C556C677D7D /* Frameworks */,
			);
			sourceTree = "<group>";
		};
		6C47DFDD254CBCF9005FA5A4 /* Products */ = {
			isa = PBXGroup;
			children = (
				6C47DFDC254CBCF9005FA5A4 /* SchipholApp.app */,
				6C47DFF2254CBD02005FA5A4 /* SchipholAppTests.xctest */,
			);
			name = Products;
			sourceTree = "<group>";
		};
		6C47DFDE254CBCF9005FA5A4 /* SchipholApp */ = {
			isa = PBXGroup;
			children = (
				6C47E003254CBF47005FA5A4 /* Modules */,
				6C47E002254CBF3F005FA5A4 /* Scenes */,
				6C47E001254CBF37005FA5A4 /* SupportingFiles */,
				6C47DFE7254CBD02005FA5A4 /* Preview Content */,
			);
			path = SchipholApp;
			sourceTree = "<group>";
		};
		6C47DFE7254CBD02005FA5A4 /* Preview Content */ = {
			isa = PBXGroup;
			children = (
				6C47DFE8254CBD02005FA5A4 /* Preview Assets.xcassets */,
			);
			path = "Preview Content";
			sourceTree = "<group>";
		};
		6C47DFF5254CBD02005FA5A4 /* SchipholAppTests */ = {
			isa = PBXGroup;
			children = (
				6C47DFF6254CBD02005FA5A4 /* AirlinesViewModelTests.swift */,
				6C47DFF8254CBD02005FA5A4 /* Info.plist */,
			);
			path = SchipholAppTests;
			sourceTree = "<group>";
		};
		6C47E001254CBF37005FA5A4 /* SupportingFiles */ = {
			isa = PBXGroup;
			children = (
				6C47DFDF254CBCF9005FA5A4 /* AppDelegate.swift */,
				6C47DFE1254CBCF9005FA5A4 /* SceneDelegate.swift */,
				6C47DFE5254CBD02005FA5A4 /* Assets.xcassets */,
				6C9BF6B225502CA70080BFC3 /* Strings.swift */,
				6C47DFEA254CBD02005FA5A4 /* LaunchScreen.storyboard */,
				6C47DFED254CBD02005FA5A4 /* Info.plist */,
				6C9BF6B625502F6D0080BFC3 /* Localizable.strings */,
			);
			path = SupportingFiles;
			sourceTree = "<group>";
		};
		6C47E002254CBF3F005FA5A4 /* Scenes */ = {
			isa = PBXGroup;
			children = (
				6C47E01B254CC9D5005FA5A4 /* AirportDetails */,
				6C47E01A254CC9AC005FA5A4 /* AirportsMap */,
				6C47E019254CC9A8005FA5A4 /* Airlines */,
				6C47E018254CC99C005FA5A4 /* Airports */,
			);
			path = Scenes;
			sourceTree = "<group>";
		};
		6C47E003254CBF47005FA5A4 /* Modules */ = {
			isa = PBXGroup;
			children = (
				6C47E00F254CC731005FA5A4 /* Extensions */,
				6C47E004254CC285005FA5A4 /* Navigation */,
			);
			path = Modules;
			sourceTree = "<group>";
		};
		6C47E004254CC285005FA5A4 /* Navigation */ = {
			isa = PBXGroup;
			children = (
				6C47E005254CC285005FA5A4 /* Destination.swift */,
				6C47E006254CC285005FA5A4 /* Navigator.swift */,
			);
			path = Navigation;
			sourceTree = "<group>";
		};
		6C47E00F254CC731005FA5A4 /* Extensions */ = {
			isa = PBXGroup;
			children = (
				6C47E034254CD1E3005FA5A4 /* ActivityIndicatorFooter.swift */,
				6C47E02A254CCC25005FA5A4 /* Data+Codable.swift */,
				6C47E030254CCD16005FA5A4 /* Logger.swift */,
				6C2D46D8254CDEA50024381D /* UIView+Constrains.swift */,
				6C47E010254CC731005FA5A4 /* UIView+Layer.swift */,
				6C47E011254CC731005FA5A4 /* UITableView+Cell.swift */,
				6C47E012254CC731005FA5A4 /* UIViewController+Error.swift */,
				6C47E013254CC731005FA5A4 /* Observable.swift */,
				6C47E02E254CCCCF005FA5A4 /* NetworkError.swift */,
				6C47E02C254CCCBA005FA5A4 /* Bundle+Decoder.swift */,
				6C2D46DE254CE6D10024381D /* LocationManager.swift */,
			);
			path = Extensions;
			sourceTree = "<group>";
		};
		6C47E018254CC99C005FA5A4 /* Airports */ = {
			isa = PBXGroup;
			children = (
				6C47E009254CC5D8005FA5A4 /* AirportsTableController.swift */,
				6C47E00B254CC70F005FA5A4 /* AirportTableCell.swift */,
				6C47E026254CCB62005FA5A4 /* Flight.swift */,
				6CA26189254F43EE000B5DEE /* FlightsLocalLoader.swift */,
				6C47E028254CCB6B005FA5A4 /* FlightsData.json */,
				6C47E020254CCACA005FA5A4 /* AirportsViewModel.swift */,
			);
			path = Airports;
			sourceTree = "<group>";
		};
		6C47E019254CC9A8005FA5A4 /* Airlines */ = {
			isa = PBXGroup;
			children = (
				6C47E022254CCAF8005FA5A4 /* AirlinesData.json */,
				6C47E024254CCB0E005FA5A4 /* Airline.swift */,
				6C2D46DA254CDFFC0024381D /* AirlinesLocalLoader.swift */,
				6CA2618F254F5226000B5DEE /* AirlinesViewModel.swift */,
				6C47085A254F56D2001E9BE5 /* AirlinesTableController.swift */,
				6C47085C254F5722001E9BE5 /* AirportTableCell+Airline.swift */,
			);
			path = Airlines;
			sourceTree = "<group>";
		};
		6C47E01A254CC9AC005FA5A4 /* AirportsMap */ = {
			isa = PBXGroup;
			children = (
				6C2D46D4254CD8F60024381D /* AirportsMapController.swift */,
				6C2D46DB254CDFFC0024381D /* AirportsMapViewModel.swift */,
				6C2D46D6254CDBB50024381D /* PointView.swift */,
				6C47E032254CCD3F005FA5A4 /* AirportsLocalLoader.swift */,
				6C47E01C254CCA21005FA5A4 /* AirportsData.json */,
				6C47E01E254CCA57005FA5A4 /* Airport.swift */,
			);
			path = AirportsMap;
			sourceTree = "<group>";
		};
		6C47E01B254CC9D5005FA5A4 /* AirportDetails */ = {
			isa = PBXGroup;
			children = (
				6CA26185254DFA70000B5DEE /* AirportDetailsController.swift */,
				6CA26187254E0176000B5DEE /* AirportDetailsViewModel.swift */,
			);
			path = AirportDetails;
			sourceTree = "<group>";
		};
		9BC029B16F66EF34FA1B805C /* Pods */ = {
			isa = PBXGroup;
			children = (
				EFD124B4BBAF1D6023FADCA4 /* Pods-SchipholApp.debug.xcconfig */,
				7AF1B316133B691E0407B636 /* Pods-SchipholApp.release.xcconfig */,
				65464BB1DFAEB56AB5780444 /* Pods-SchipholAppTests.debug.xcconfig */,
				78FF62FE65FCC31352CB5F3C /* Pods-SchipholAppTests.release.xcconfig */,
			);
			path = Pods;
			sourceTree = "<group>";
		};
		A27E416938598C556C677D7D /* Frameworks */ = {
			isa = PBXGroup;
			children = (
				F39CD86BEF159E7F93ECEC0E /* Pods_SchipholApp.framework */,
				8A412C6C5E6F9F65F48D95CF /* Pods_SchipholAppTests.framework */,
			);
			name = Frameworks;
			sourceTree = "<group>";
		};
/* End PBXGroup section */

/* Begin PBXNativeTarget section */
		6C47DFDB254CBCF9005FA5A4 /* SchipholApp */ = {
			isa = PBXNativeTarget;
			buildConfigurationList = 6C47DFFB254CBD02005FA5A4 /* Build configuration list for PBXNativeTarget "SchipholApp" */;
			buildPhases = (
				0C69578800DC117A299B2DF8 /* [CP] Check Pods Manifest.lock */,
				6C47DFD8254CBCF9005FA5A4 /* Sources */,
				6C47DFD9254CBCF9005FA5A4 /* Frameworks */,
				6C47DFDA254CBCF9005FA5A4 /* Resources */,
				6CA26184254DF3CF000B5DEE /* ShellScript */,
			);
			buildRules = (
			);
			dependencies = (
			);
			name = SchipholApp;
			productName = SchipholApp;
			productReference = 6C47DFDC254CBCF9005FA5A4 /* SchipholApp.app */;
			productType = "com.apple.product-type.application";
		};
		6C47DFF1254CBD02005FA5A4 /* SchipholAppTests */ = {
			isa = PBXNativeTarget;
			buildConfigurationList = 6C47DFFE254CBD02005FA5A4 /* Build configuration list for PBXNativeTarget "SchipholAppTests" */;
			buildPhases = (
				5D455B8A3CE15A257D2B5759 /* [CP] Check Pods Manifest.lock */,
				6C47DFEE254CBD02005FA5A4 /* Sources */,
				6C47DFEF254CBD02005FA5A4 /* Frameworks */,
				6C47DFF0254CBD02005FA5A4 /* Resources */,
			);
			buildRules = (
			);
			dependencies = (
				6C47DFF4254CBD02005FA5A4 /* PBXTargetDependency */,
			);
			name = SchipholAppTests;
			productName = SchipholAppTests;
			productReference = 6C47DFF2254CBD02005FA5A4 /* SchipholAppTests.xctest */;
			productType = "com.apple.product-type.bundle.unit-test";
		};
/* End PBXNativeTarget section */

/* Begin PBXProject section */
		6C47DFD4254CBCF9005FA5A4 /* Project object */ = {
			isa = PBXProject;
			attributes = {
				LastSwiftUpdateCheck = 1150;
				LastUpgradeCheck = 1150;
				ORGANIZATIONNAME = abuzeid;
				TargetAttributes = {
					6C47DFDB254CBCF9005FA5A4 = {
						CreatedOnToolsVersion = 11.5;
					};
					6C47DFF1254CBD02005FA5A4 = {
						CreatedOnToolsVersion = 11.5;
						TestTargetID = 6C47DFDB254CBCF9005FA5A4;
					};
				};
			};
			buildConfigurationList = 6C47DFD7254CBCF9005FA5A4 /* Build configuration list for PBXProject "SchipholApp" */;
			compatibilityVersion = "Xcode 9.3";
			developmentRegion = en;
			hasScannedForEncodings = 0;
			knownRegions = (
				en,
				Base,
				de,
			);
			mainGroup = 6C47DFD3254CBCF9005FA5A4;
			productRefGroup = 6C47DFDD254CBCF9005FA5A4 /* Products */;
			projectDirPath = "";
			projectRoot = "";
			targets = (
				6C47DFDB254CBCF9005FA5A4 /* SchipholApp */,
				6C47DFF1254CBD02005FA5A4 /* SchipholAppTests */,
			);
		};
/* End PBXProject section */

/* Begin PBXResourcesBuildPhase section */
		6C47DFDA254CBCF9005FA5A4 /* Resources */ = {
			isa = PBXResourcesBuildPhase;
			buildActionMask = 2147483647;
			files = (
				6C47DFEC254CBD02005FA5A4 /* LaunchScreen.storyboard in Resources */,
				6C47E01D254CCA21005FA5A4 /* AirportsData.json in Resources */,
				6C47E023254CCAF8005FA5A4 /* AirlinesData.json in Resources */,
				6C47085F254F821B001E9BE5 /* README.md in Resources */,
				6C47DFE9254CBD02005FA5A4 /* Preview Assets.xcassets in Resources */,
				6C9BF6B425502F6D0080BFC3 /* Localizable.strings in Resources */,
				6C47E029254CCB6D005FA5A4 /* FlightsData.json in Resources */,
				6C47DFE6254CBD02005FA5A4 /* Assets.xcassets in Resources */,
			);
			runOnlyForDeploymentPostprocessing = 0;
		};
		6C47DFF0254CBD02005FA5A4 /* Resources */ = {
			isa = PBXResourcesBuildPhase;
			buildActionMask = 2147483647;
			files = (
			);
			runOnlyForDeploymentPostprocessing = 0;
		};
/* End PBXResourcesBuildPhase section */

/* Begin PBXShellScriptBuildPhase section */
		0C69578800DC117A299B2DF8 /* [CP] Check Pods Manifest.lock */ = {
			isa = PBXShellScriptBuildPhase;
			buildActionMask = 2147483647;
			files = (
			);
			inputFileListPaths = (
			);
			inputPaths = (
				"${PODS_PODFILE_DIR_PATH}/Podfile.lock",
				"${PODS_ROOT}/Manifest.lock",
			);
			name = "[CP] Check Pods Manifest.lock";
			outputFileListPaths = (
			);
			outputPaths = (
				"$(DERIVED_FILE_DIR)/Pods-SchipholApp-checkManifestLockResult.txt",
			);
			runOnlyForDeploymentPostprocessing = 0;
			shellPath = /bin/sh;
			shellScript = "diff \"${PODS_PODFILE_DIR_PATH}/Podfile.lock\" \"${PODS_ROOT}/Manifest.lock\" > /dev/null\nif [ $? != 0 ] ; then\n    # print error to STDERR\n    echo \"error: The sandbox is not in sync with the Podfile.lock. Run 'pod install' or update your CocoaPods installation.\" >&2\n    exit 1\nfi\n# This output is used by Xcode 'outputs' to avoid re-running this script phase.\necho \"SUCCESS\" > \"${SCRIPT_OUTPUT_FILE_0}\"\n";
			showEnvVarsInLog = 0;
		};
		5D455B8A3CE15A257D2B5759 /* [CP] Check Pods Manifest.lock */ = {
			isa = PBXShellScriptBuildPhase;
			buildActionMask = 2147483647;
			files = (
			);
			inputFileListPaths = (
			);
			inputPaths = (
				"${PODS_PODFILE_DIR_PATH}/Podfile.lock",
				"${PODS_ROOT}/Manifest.lock",
			);
			name = "[CP] Check Pods Manifest.lock";
			outputFileListPaths = (
			);
			outputPaths = (
				"$(DERIVED_FILE_DIR)/Pods-SchipholAppTests-checkManifestLockResult.txt",
			);
			runOnlyForDeploymentPostprocessing = 0;
			shellPath = /bin/sh;
			shellScript = "diff \"${PODS_PODFILE_DIR_PATH}/Podfile.lock\" \"${PODS_ROOT}/Manifest.lock\" > /dev/null\nif [ $? != 0 ] ; then\n    # print error to STDERR\n    echo \"error: The sandbox is not in sync with the Podfile.lock. Run 'pod install' or update your CocoaPods installation.\" >&2\n    exit 1\nfi\n# This output is used by Xcode 'outputs' to avoid re-running this script phase.\necho \"SUCCESS\" > \"${SCRIPT_OUTPUT_FILE_0}\"\n";
			showEnvVarsInLog = 0;
		};
		6CA26184254DF3CF000B5DEE /* ShellScript */ = {
			isa = PBXShellScriptBuildPhase;
			buildActionMask = 2147483647;
			files = (
			);
			inputFileListPaths = (
			);
			inputPaths = (
			);
			outputFileListPaths = (
			);
			outputPaths = (
			);
			runOnlyForDeploymentPostprocessing = 0;
			shellPath = /bin/sh;
			shellScript = "if which swiftlint >/dev/null; then\n  swiftlint\nelse\n  echo \"warning: SwiftLint not installed, download from https://github.com/realm/SwiftLint\"\nfi\n";
		};
/* End PBXShellScriptBuildPhase section */

/* Begin PBXSourcesBuildPhase section */
		6C47DFD8254CBCF9005FA5A4 /* Sources */ = {
			isa = PBXSourcesBuildPhase;
			buildActionMask = 2147483647;
			files = (
				6C47085B254F56D2001E9BE5 /* AirlinesTableController.swift in Sources */,
				6C9BF6B325502CA70080BFC3 /* Strings.swift in Sources */,
				6C47E031254CCD16005FA5A4 /* Logger.swift in Sources */,
				6C2D46D5254CD8F60024381D /* AirportsMapController.swift in Sources */,
				6C2D46D9254CDEA60024381D /* UIView+Constrains.swift in Sources */,
				6CA26188254E0176000B5DEE /* AirportDetailsViewModel.swift in Sources */,
				6CA26186254DFA70000B5DEE /* AirportDetailsController.swift in Sources */,
				6C47E017254CC75C005FA5A4 /* Observable.swift in Sources */,
				6C47DFE0254CBCF9005FA5A4 /* AppDelegate.swift in Sources */,
				6C47E02D254CCCBA005FA5A4 /* Bundle+Decoder.swift in Sources */,
				6C47E016254CC75C005FA5A4 /* UIViewController+Error.swift in Sources */,
				6C47E027254CCB62005FA5A4 /* Flight.swift in Sources */,
				6C47E00D254CC70F005FA5A4 /* AirportTableCell.swift in Sources */,
				6C47E015254CC75C005FA5A4 /* UITableView+Cell.swift in Sources */,
				6CA26190254F5227000B5DEE /* AirlinesViewModel.swift in Sources */,
				6C47E021254CCACA005FA5A4 /* AirportsViewModel.swift in Sources */,
				6C2D46D7254CDBB50024381D /* PointView.swift in Sources */,
				6C2D46DF254CE6D10024381D /* LocationManager.swift in Sources */,
				6C47085D254F5722001E9BE5 /* AirportTableCell+Airline.swift in Sources */,
				6C47E025254CCB0E005FA5A4 /* Airline.swift in Sources */,
				6C47E033254CCD3F005FA5A4 /* AirportsLocalLoader.swift in Sources */,
				6C47E008254CC2D1005FA5A4 /* Navigator.swift in Sources */,
				6C47E035254CD1E3005FA5A4 /* ActivityIndicatorFooter.swift in Sources */,
				6C47DFE2254CBCF9005FA5A4 /* SceneDelegate.swift in Sources */,
				6C47E007254CC2D1005FA5A4 /* Destination.swift in Sources */,
				6C47E00A254CC5D8005FA5A4 /* AirportsTableController.swift in Sources */,
				6C47E02B254CCC25005FA5A4 /* Data+Codable.swift in Sources */,
				6C47E01F254CCA58005FA5A4 /* Airport.swift in Sources */,
				6CA2618A254F43EE000B5DEE /* FlightsLocalLoader.swift in Sources */,
				6C47E02F254CCCCF005FA5A4 /* NetworkError.swift in Sources */,
				6C2D46DC254CDFFC0024381D /* AirportsMapViewModel.swift in Sources */,
				6C47E014254CC75C005FA5A4 /* UIView+Layer.swift in Sources */,
				6C2D46DD254CDFFC0024381D /* AirlinesLocalLoader.swift in Sources */,
			);
			runOnlyForDeploymentPostprocessing = 0;
		};
		6C47DFEE254CBD02005FA5A4 /* Sources */ = {
			isa = PBXSourcesBuildPhase;
			buildActionMask = 2147483647;
			files = (
				6C47DFF7254CBD02005FA5A4 /* AirlinesViewModelTests.swift in Sources */,
			);
			runOnlyForDeploymentPostprocessing = 0;
		};
/* End PBXSourcesBuildPhase section */

/* Begin PBXTargetDependency section */
		6C47DFF4254CBD02005FA5A4 /* PBXTargetDependency */ = {
			isa = PBXTargetDependency;
			target = 6C47DFDB254CBCF9005FA5A4 /* SchipholApp */;
			targetProxy = 6C47DFF3254CBD02005FA5A4 /* PBXContainerItemProxy */;
		};
/* End PBXTargetDependency section */

/* Begin PBXVariantGroup section */
		6C47DFEA254CBD02005FA5A4 /* LaunchScreen.storyboard */ = {
			isa = PBXVariantGroup;
			children = (
				6C47DFEB254CBD02005FA5A4 /* Base */,
			);
			name = LaunchScreen.storyboard;
			sourceTree = "<group>";
		};
		6C9BF6B625502F6D0080BFC3 /* Localizable.strings */ = {
			isa = PBXVariantGroup;
			children = (
				6C9BF6B525502F6D0080BFC3 /* en */,
				6C9BF6B725502F730080BFC3 /* de */,
			);
			name = Localizable.strings;
			sourceTree = "<group>";
		};
/* End PBXVariantGroup section */

/* Begin XCBuildConfiguration section */
		6C47DFF9254CBD02005FA5A4 /* Debug */ = {
			isa = XCBuildConfiguration;
			buildSettings = {
				ALWAYS_SEARCH_USER_PATHS = NO;
				CLANG_ANALYZER_LOCALIZABILITY_NONLOCALIZED = YES;
				CLANG_ANALYZER_NONNULL = YES;
				CLANG_ANALYZER_NUMBER_OBJECT_CONVERSION = YES_AGGRESSIVE;
				CLANG_CXX_LANGUAGE_STANDARD = "gnu++14";
				CLANG_CXX_LIBRARY = "libc++";
				CLANG_ENABLE_MODULES = YES;
				CLANG_ENABLE_OBJC_ARC = YES;
				CLANG_ENABLE_OBJC_WEAK = YES;
				CLANG_WARN_BLOCK_CAPTURE_AUTORELEASING = YES;
				CLANG_WARN_BOOL_CONVERSION = YES;
				CLANG_WARN_COMMA = YES;
				CLANG_WARN_CONSTANT_CONVERSION = YES;
				CLANG_WARN_DEPRECATED_OBJC_IMPLEMENTATIONS = YES;
				CLANG_WARN_DIRECT_OBJC_ISA_USAGE = YES_ERROR;
				CLANG_WARN_DOCUMENTATION_COMMENTS = YES;
				CLANG_WARN_EMPTY_BODY = YES;
				CLANG_WARN_ENUM_CONVERSION = YES;
				CLANG_WARN_INFINITE_RECURSION = YES;
				CLANG_WARN_INT_CONVERSION = YES;
				CLANG_WARN_NON_LITERAL_NULL_CONVERSION = YES;
				CLANG_WARN_OBJC_IMPLICIT_RETAIN_SELF = YES;
				CLANG_WARN_OBJC_LITERAL_CONVERSION = YES;
				CLANG_WARN_OBJC_ROOT_CLASS = YES_ERROR;
				CLANG_WARN_RANGE_LOOP_ANALYSIS = YES;
				CLANG_WARN_STRICT_PROTOTYPES = YES;
				CLANG_WARN_SUSPICIOUS_MOVE = YES;
				CLANG_WARN_UNGUARDED_AVAILABILITY = YES_AGGRESSIVE;
				CLANG_WARN_UNREACHABLE_CODE = YES;
				CLANG_WARN__DUPLICATE_METHOD_MATCH = YES;
				COPY_PHASE_STRIP = NO;
				DEBUG_INFORMATION_FORMAT = dwarf;
				ENABLE_STRICT_OBJC_MSGSEND = YES;
				ENABLE_TESTABILITY = YES;
				GCC_C_LANGUAGE_STANDARD = gnu11;
				GCC_DYNAMIC_NO_PIC = NO;
				GCC_NO_COMMON_BLOCKS = YES;
				GCC_OPTIMIZATION_LEVEL = 0;
				GCC_PREPROCESSOR_DEFINITIONS = (
					"DEBUG=1",
					"$(inherited)",
				);
				GCC_WARN_64_TO_32_BIT_CONVERSION = YES;
				GCC_WARN_ABOUT_RETURN_TYPE = YES_ERROR;
				GCC_WARN_UNDECLARED_SELECTOR = YES;
				GCC_WARN_UNINITIALIZED_AUTOS = YES_AGGRESSIVE;
				GCC_WARN_UNUSED_FUNCTION = YES;
				GCC_WARN_UNUSED_VARIABLE = YES;
				IPHONEOS_DEPLOYMENT_TARGET = 11.0;
				MTL_ENABLE_DEBUG_INFO = INCLUDE_SOURCE;
				MTL_FAST_MATH = YES;
				ONLY_ACTIVE_ARCH = YES;
				SDKROOT = iphoneos;
				SWIFT_ACTIVE_COMPILATION_CONDITIONS = DEBUG;
				SWIFT_OPTIMIZATION_LEVEL = "-Onone";
			};
			name = Debug;
		};
		6C47DFFA254CBD02005FA5A4 /* Release */ = {
			isa = XCBuildConfiguration;
			buildSettings = {
				ALWAYS_SEARCH_USER_PATHS = NO;
				CLANG_ANALYZER_LOCALIZABILITY_NONLOCALIZED = YES;
				CLANG_ANALYZER_NONNULL = YES;
				CLANG_ANALYZER_NUMBER_OBJECT_CONVERSION = YES_AGGRESSIVE;
				CLANG_CXX_LANGUAGE_STANDARD = "gnu++14";
				CLANG_CXX_LIBRARY = "libc++";
				CLANG_ENABLE_MODULES = YES;
				CLANG_ENABLE_OBJC_ARC = YES;
				CLANG_ENABLE_OBJC_WEAK = YES;
				CLANG_WARN_BLOCK_CAPTURE_AUTORELEASING = YES;
				CLANG_WARN_BOOL_CONVERSION = YES;
				CLANG_WARN_COMMA = YES;
				CLANG_WARN_CONSTANT_CONVERSION = YES;
				CLANG_WARN_DEPRECATED_OBJC_IMPLEMENTATIONS = YES;
				CLANG_WARN_DIRECT_OBJC_ISA_USAGE = YES_ERROR;
				CLANG_WARN_DOCUMENTATION_COMMENTS = YES;
				CLANG_WARN_EMPTY_BODY = YES;
				CLANG_WARN_ENUM_CONVERSION = YES;
				CLANG_WARN_INFINITE_RECURSION = YES;
				CLANG_WARN_INT_CONVERSION = YES;
				CLANG_WARN_NON_LITERAL_NULL_CONVERSION = YES;
				CLANG_WARN_OBJC_IMPLICIT_RETAIN_SELF = YES;
				CLANG_WARN_OBJC_LITERAL_CONVERSION = YES;
				CLANG_WARN_OBJC_ROOT_CLASS = YES_ERROR;
				CLANG_WARN_RANGE_LOOP_ANALYSIS = YES;
				CLANG_WARN_STRICT_PROTOTYPES = YES;
				CLANG_WARN_SUSPICIOUS_MOVE = YES;
				CLANG_WARN_UNGUARDED_AVAILABILITY = YES_AGGRESSIVE;
				CLANG_WARN_UNREACHABLE_CODE = YES;
				CLANG_WARN__DUPLICATE_METHOD_MATCH = YES;
				COPY_PHASE_STRIP = NO;
				DEBUG_INFORMATION_FORMAT = "dwarf-with-dsym";
				ENABLE_NS_ASSERTIONS = NO;
				ENABLE_STRICT_OBJC_MSGSEND = YES;
				GCC_C_LANGUAGE_STANDARD = gnu11;
				GCC_NO_COMMON_BLOCKS = YES;
				GCC_WARN_64_TO_32_BIT_CONVERSION = YES;
				GCC_WARN_ABOUT_RETURN_TYPE = YES_ERROR;
				GCC_WARN_UNDECLARED_SELECTOR = YES;
				GCC_WARN_UNINITIALIZED_AUTOS = YES_AGGRESSIVE;
				GCC_WARN_UNUSED_FUNCTION = YES;
				GCC_WARN_UNUSED_VARIABLE = YES;
				IPHONEOS_DEPLOYMENT_TARGET = 11.0;
				MTL_ENABLE_DEBUG_INFO = NO;
				MTL_FAST_MATH = YES;
				SDKROOT = iphoneos;
				SWIFT_COMPILATION_MODE = wholemodule;
				SWIFT_OPTIMIZATION_LEVEL = "-O";
				VALIDATE_PRODUCT = YES;
			};
			name = Release;
		};
		6C47DFFC254CBD02005FA5A4 /* Debug */ = {
			isa = XCBuildConfiguration;
			baseConfigurationReference = EFD124B4BBAF1D6023FADCA4 /* Pods-SchipholApp.debug.xcconfig */;
			buildSettings = {
				ASSETCATALOG_COMPILER_APPICON_NAME = AppIcon;
				CODE_SIGN_STYLE = Automatic;
				DEVELOPMENT_ASSET_PATHS = "\"SchipholApp/Preview Content\"";
				DEVELOPMENT_TEAM = 475YN7ANSF;
				ENABLE_PREVIEWS = YES;
				INFOPLIST_FILE = SchipholApp/SupportingFiles/Info.plist;
				LD_RUNPATH_SEARCH_PATHS = (
					"$(inherited)",
					"@executable_path/Frameworks",
				);
				PRODUCT_BUNDLE_IDENTIFIER = abozaid.SchipholApp;
				PRODUCT_NAME = "$(TARGET_NAME)";
				SWIFT_VERSION = 5.0;
				TARGETED_DEVICE_FAMILY = "1,2";
			};
			name = Debug;
		};
		6C47DFFD254CBD02005FA5A4 /* Release */ = {
			isa = XCBuildConfiguration;
			baseConfigurationReference = 7AF1B316133B691E0407B636 /* Pods-SchipholApp.release.xcconfig */;
			buildSettings = {
				ASSETCATALOG_COMPILER_APPICON_NAME = AppIcon;
				CODE_SIGN_STYLE = Automatic;
				DEVELOPMENT_ASSET_PATHS = "\"SchipholApp/Preview Content\"";
				DEVELOPMENT_TEAM = 475YN7ANSF;
				ENABLE_PREVIEWS = YES;
				INFOPLIST_FILE = SchipholApp/SupportingFiles/Info.plist;
				LD_RUNPATH_SEARCH_PATHS = (
					"$(inherited)",
					"@executable_path/Frameworks",
				);
				PRODUCT_BUNDLE_IDENTIFIER = abozaid.SchipholApp;
				PRODUCT_NAME = "$(TARGET_NAME)";
				SWIFT_VERSION = 5.0;
				TARGETED_DEVICE_FAMILY = "1,2";
			};
			name = Release;
		};
		6C47DFFF254CBD02005FA5A4 /* Debug */ = {
			isa = XCBuildConfiguration;
			baseConfigurationReference = 65464BB1DFAEB56AB5780444 /* Pods-SchipholAppTests.debug.xcconfig */;
			buildSettings = {
				ALWAYS_EMBED_SWIFT_STANDARD_LIBRARIES = YES;
				BUNDLE_LOADER = "$(TEST_HOST)";
				CODE_SIGN_STYLE = Automatic;
				DEVELOPMENT_TEAM = 475YN7ANSF;
				INFOPLIST_FILE = SchipholAppTests/Info.plist;
				IPHONEOS_DEPLOYMENT_TARGET = 13.5;
				LD_RUNPATH_SEARCH_PATHS = (
					"$(inherited)",
					"@executable_path/Frameworks",
					"@loader_path/Frameworks",
				);
				PRODUCT_BUNDLE_IDENTIFIER = abozaid.SchipholAppTests;
				PRODUCT_NAME = "$(TARGET_NAME)";
				SWIFT_VERSION = 5.0;
				TARGETED_DEVICE_FAMILY = "1,2";
				TEST_HOST = "$(BUILT_PRODUCTS_DIR)/SchipholApp.app/SchipholApp";
			};
			name = Debug;
		};
		6C47E000254CBD02005FA5A4 /* Release */ = {
			isa = XCBuildConfiguration;
			baseConfigurationReference = 78FF62FE65FCC31352CB5F3C /* Pods-SchipholAppTests.release.xcconfig */;
			buildSettings = {
				ALWAYS_EMBED_SWIFT_STANDARD_LIBRARIES = YES;
				BUNDLE_LOADER = "$(TEST_HOST)";
				CODE_SIGN_STYLE = Automatic;
				DEVELOPMENT_TEAM = 475YN7ANSF;
				INFOPLIST_FILE = SchipholAppTests/Info.plist;
				IPHONEOS_DEPLOYMENT_TARGET = 13.5;
				LD_RUNPATH_SEARCH_PATHS = (
					"$(inherited)",
					"@executable_path/Frameworks",
					"@loader_path/Frameworks",
				);
				PRODUCT_BUNDLE_IDENTIFIER = abozaid.SchipholAppTests;
				PRODUCT_NAME = "$(TARGET_NAME)";
				SWIFT_VERSION = 5.0;
				TARGETED_DEVICE_FAMILY = "1,2";
				TEST_HOST = "$(BUILT_PRODUCTS_DIR)/SchipholApp.app/SchipholApp";
			};
			name = Release;
		};
/* End XCBuildConfiguration section */

/* Begin XCConfigurationList section */
		6C47DFD7254CBCF9005FA5A4 /* Build configuration list for PBXProject "SchipholApp" */ = {
			isa = XCConfigurationList;
			buildConfigurations = (
				6C47DFF9254CBD02005FA5A4 /* Debug */,
				6C47DFFA254CBD02005FA5A4 /* Release */,
			);
			defaultConfigurationIsVisible = 0;
			defaultConfigurationName = Release;
		};
		6C47DFFB254CBD02005FA5A4 /* Build configuration list for PBXNativeTarget "SchipholApp" */ = {
			isa = XCConfigurationList;
			buildConfigurations = (
				6C47DFFC254CBD02005FA5A4 /* Debug */,
				6C47DFFD254CBD02005FA5A4 /* Release */,
			);
			defaultConfigurationIsVisible = 0;
			defaultConfigurationName = Release;
		};
		6C47DFFE254CBD02005FA5A4 /* Build configuration list for PBXNativeTarget "SchipholAppTests" */ = {
			isa = XCConfigurationList;
			buildConfigurations = (
				6C47DFFF254CBD02005FA5A4 /* Debug */,
				6C47E000254CBD02005FA5A4 /* Release */,
			);
			defaultConfigurationIsVisible = 0;
			defaultConfigurationName = Release;
		};
/* End XCConfigurationList section */
	};
	rootObject = 6C47DFD4254CBCF9005FA5A4 /* Project object */;
}
